
Microsoft Visual Studio Solution File, Format Version 12.00
# Visual Studio Version 17
VisualStudioVersion = 17.9.34701.34
MinimumVisualStudioVersion = 10.0.40219.1
Project("{FAE04EC0-301F-11D3-BF4B-00C04F79EFBC}") = "UnTAS", "UnTAS\UnTAS.csproj", "{A868B73E-61E6-47B7-9EF7-BC611F527301}"
EndProject
Global
	GlobalSection(SolutionConfigurationPlatforms) = preSolution
		Debug|Any CPU = Debug|Any CPU
		Release|Any CPU = Release|Any CPU
	EndGlobalSection
	GlobalSection(ProjectConfigurationPlatforms) = postSolution
		{A868B73E-61E6-47B7-9EF7-BC611F527301}.Debug|Any CPU.ActiveCfg = Debug|Any CPU
		{A868B73E-61E6-47B7-9EF7-BC611F527301}.Debug|Any CPU.Build.0 = Debug|Any CPU
		{A868B73E-61E6-47B7-9EF7-BC611F527301}.Release|Any CPU.ActiveCfg = Release|Any CPU
		{A868B73E-61E6-47B7-9EF7-BC611F527301}.Release|Any CPU.Build.0 = Release|Any CPU
	EndGlobalSection
	GlobalSection(SolutionProperties) = preSolution
		HideSolutionNode = FALSE
	EndGlobalSection
	GlobalSection(ExtensibilityGlobals) = postSolution
		SolutionGuid = {536EDA6F-8EE8-42ED-8693-46C9BDCAD63B}
	EndGlobalSection
EndGlobal
